
Microsoft Visual Studio Solution File, Format Version 12.00
# Visual Studio Version 17
VisualStudioVersion = 17.1.32319.34
MinimumVisualStudioVersion = 10.0.40219.1
Project("{FAE04EC0-301F-11D3-BF4B-00C04F79EFBC}") = "Dal", "Dal\Dal.csproj", "{7864C351-42AA-47B7-9C54-67B38652728E}"
EndProject
Project("{FAE04EC0-301F-11D3-BF4B-00C04F79EFBC}") = "Bl", "..\Bl\Bl.csproj", "{A1129B41-DF71-4630-AC1A-FDFA75CAD2BA}"
EndProject
Project("{FAE04EC0-301F-11D3-BF4B-00C04F79EFBC}") = "UI", "..\UI\UI.csproj", "{C802A906-781F-489B-A559-53A798202BE4}"
EndProject
Global
	GlobalSection(SolutionConfigurationPlatforms) = preSolution
		Debug|Any CPU = Debug|Any CPU
		Release|Any CPU = Release|Any CPU
	EndGlobalSection
	GlobalSection(ProjectConfigurationPlatforms) = postSolution
		{7864C351-42AA-47B7-9C54-67B38652728E}.Debug|Any CPU.ActiveCfg = Debug|Any CPU
		{7864C351-42AA-47B7-9C54-67B38652728E}.Debug|Any CPU.Build.0 = Debug|Any CPU
		{7864C351-42AA-47B7-9C54-67B38652728E}.Release|Any CPU.ActiveCfg = Release|Any CPU
		{7864C351-42AA-47B7-9C54-67B38652728E}.Release|Any CPU.Build.0 = Release|Any CPU
		{A1129B41-DF71-4630-AC1A-FDFA75CAD2BA}.Debug|Any CPU.ActiveCfg = Debug|Any CPU
		{A1129B41-DF71-4630-AC1A-FDFA75CAD2BA}.Debug|Any CPU.Build.0 = Debug|Any CPU
		{A1129B41-DF71-4630-AC1A-FDFA75CAD2BA}.Release|Any CPU.ActiveCfg = Release|Any CPU
		{A1129B41-DF71-4630-AC1A-FDFA75CAD2BA}.Release|Any CPU.Build.0 = Release|Any CPU
		{C802A906-781F-489B-A559-53A798202BE4}.Debug|Any CPU.ActiveCfg = Debug|Any CPU
		{C802A906-781F-489B-A559-53A798202BE4}.Debug|Any CPU.Build.0 = Debug|Any CPU
		{C802A906-781F-489B-A559-53A798202BE4}.Release|Any CPU.ActiveCfg = Release|Any CPU
		{C802A906-781F-489B-A559-53A798202BE4}.Release|Any CPU.Build.0 = Release|Any CPU
	EndGlobalSection
	GlobalSection(SolutionProperties) = preSolution
		HideSolutionNode = FALSE
	EndGlobalSection
	GlobalSection(ExtensibilityGlobals) = postSolution
		SolutionGuid = {2AC5C01C-42BC-4411-810D-7A3DCB9A8DFA}
	EndGlobalSection
EndGlobal
